
Microsoft Visual Studio Solution File, Format Version 12.00
# Visual Studio 15
Project("{FAE04EC0-301F-11D3-BF4B-00C04F79EFBC}") = "Exercise_2", "Exercise_2.csproj", "{EDABDF33-44B0-41F7-9EAE-8A47BAFD8972}"
EndProject
Global
	GlobalSection(SolutionConfigurationPlatforms) = preSolution
		Debug|Any CPU = Debug|Any CPU
		Release|Any CPU = Release|Any CPU
	EndGlobalSection
	GlobalSection(ProjectConfigurationPlatforms) = postSolution
		{EDABDF33-44B0-41F7-9EAE-8A47BAFD8972}.Debug|Any CPU.ActiveCfg = Debug|Any CPU
		{EDABDF33-44B0-41F7-9EAE-8A47BAFD8972}.Debug|Any CPU.Build.0 = Debug|Any CPU
		{EDABDF33-44B0-41F7-9EAE-8A47BAFD8972}.Release|Any CPU.ActiveCfg = Release|Any CPU
		{EDABDF33-44B0-41F7-9EAE-8A47BAFD8972}.Release|Any CPU.Build.0 = Release|Any CPU
	EndGlobalSection
EndGlobal
