
Microsoft Visual Studio Solution File, Format Version 12.00
# Visual Studio 15
Project("{FAE04EC0-301F-11D3-BF4B-00C04F79EFBC}") = "Exercise_1", "Exercise_1.csproj", "{DA76C5E6-6AFD-4B28-9865-DAF548207565}"
EndProject
Global
	GlobalSection(SolutionConfigurationPlatforms) = preSolution
		Debug|Any CPU = Debug|Any CPU
		Release|Any CPU = Release|Any CPU
	EndGlobalSection
	GlobalSection(ProjectConfigurationPlatforms) = postSolution
		{DA76C5E6-6AFD-4B28-9865-DAF548207565}.Debug|Any CPU.ActiveCfg = Debug|Any CPU
		{DA76C5E6-6AFD-4B28-9865-DAF548207565}.Debug|Any CPU.Build.0 = Debug|Any CPU
		{DA76C5E6-6AFD-4B28-9865-DAF548207565}.Release|Any CPU.ActiveCfg = Release|Any CPU
		{DA76C5E6-6AFD-4B28-9865-DAF548207565}.Release|Any CPU.Build.0 = Release|Any CPU
	EndGlobalSection
EndGlobal
