
Microsoft Visual Studio Solution File, Format Version 12.00
# Visual Studio 15
Project("{FAE04EC0-301F-11D3-BF4B-00C04F79EFBC}") = "Exercise_3", "Exercise_3.csproj", "{DE8E4F39-7B55-4FC8-9218-D1E2E0C6B51E}"
EndProject
Global
	GlobalSection(SolutionConfigurationPlatforms) = preSolution
		Debug|Any CPU = Debug|Any CPU
		Release|Any CPU = Release|Any CPU
	EndGlobalSection
	GlobalSection(ProjectConfigurationPlatforms) = postSolution
		{DE8E4F39-7B55-4FC8-9218-D1E2E0C6B51E}.Debug|Any CPU.ActiveCfg = Debug|Any CPU
		{DE8E4F39-7B55-4FC8-9218-D1E2E0C6B51E}.Debug|Any CPU.Build.0 = Debug|Any CPU
		{DE8E4F39-7B55-4FC8-9218-D1E2E0C6B51E}.Release|Any CPU.ActiveCfg = Release|Any CPU
		{DE8E4F39-7B55-4FC8-9218-D1E2E0C6B51E}.Release|Any CPU.Build.0 = Release|Any CPU
	EndGlobalSection
EndGlobal
