
Microsoft Visual Studio Solution File, Format Version 12.00
# Visual Studio 15
Project("{FAE04EC0-301F-11D3-BF4B-00C04F79EFBC}") = "Exercise_6", "Exercise_6.csproj", "{DA1995D7-08A5-43F0-BC24-52708251DD25}"
EndProject
Global
	GlobalSection(SolutionConfigurationPlatforms) = preSolution
		Debug|Any CPU = Debug|Any CPU
		Release|Any CPU = Release|Any CPU
	EndGlobalSection
	GlobalSection(ProjectConfigurationPlatforms) = postSolution
		{DA1995D7-08A5-43F0-BC24-52708251DD25}.Debug|Any CPU.ActiveCfg = Debug|Any CPU
		{DA1995D7-08A5-43F0-BC24-52708251DD25}.Debug|Any CPU.Build.0 = Debug|Any CPU
		{DA1995D7-08A5-43F0-BC24-52708251DD25}.Release|Any CPU.ActiveCfg = Release|Any CPU
		{DA1995D7-08A5-43F0-BC24-52708251DD25}.Release|Any CPU.Build.0 = Release|Any CPU
	EndGlobalSection
EndGlobal
