
Microsoft Visual Studio Solution File, Format Version 12.00
# Visual Studio 15
Project("{FAE04EC0-301F-11D3-BF4B-00C04F79EFBC}") = "Exercise_6", "Exercise_6.csproj", "{F84D4971-7928-4035-9AF3-BBB245FAB412}"
EndProject
Global
	GlobalSection(SolutionConfigurationPlatforms) = preSolution
		Debug|Any CPU = Debug|Any CPU
		Release|Any CPU = Release|Any CPU
	EndGlobalSection
	GlobalSection(ProjectConfigurationPlatforms) = postSolution
		{F84D4971-7928-4035-9AF3-BBB245FAB412}.Debug|Any CPU.ActiveCfg = Debug|Any CPU
		{F84D4971-7928-4035-9AF3-BBB245FAB412}.Debug|Any CPU.Build.0 = Debug|Any CPU
		{F84D4971-7928-4035-9AF3-BBB245FAB412}.Release|Any CPU.ActiveCfg = Release|Any CPU
		{F84D4971-7928-4035-9AF3-BBB245FAB412}.Release|Any CPU.Build.0 = Release|Any CPU
	EndGlobalSection
EndGlobal
