
Microsoft Visual Studio Solution File, Format Version 12.00
# Visual Studio 15
Project("{FAE04EC0-301F-11D3-BF4B-00C04F79EFBC}") = "Exercise_3", "Exercise_3.csproj", "{BD2B7726-7EB5-42DE-BD51-18E6EBB2B7D0}"
EndProject
Global
	GlobalSection(SolutionConfigurationPlatforms) = preSolution
		Debug|Any CPU = Debug|Any CPU
		Release|Any CPU = Release|Any CPU
	EndGlobalSection
	GlobalSection(ProjectConfigurationPlatforms) = postSolution
		{BD2B7726-7EB5-42DE-BD51-18E6EBB2B7D0}.Debug|Any CPU.ActiveCfg = Debug|Any CPU
		{BD2B7726-7EB5-42DE-BD51-18E6EBB2B7D0}.Debug|Any CPU.Build.0 = Debug|Any CPU
		{BD2B7726-7EB5-42DE-BD51-18E6EBB2B7D0}.Release|Any CPU.ActiveCfg = Release|Any CPU
		{BD2B7726-7EB5-42DE-BD51-18E6EBB2B7D0}.Release|Any CPU.Build.0 = Release|Any CPU
	EndGlobalSection
EndGlobal
